
Microsoft Visual Studio Solution File, Format Version 12.00
# Visual Studio Version 16
VisualStudioVersion = 16.0.30225.117
MinimumVisualStudioVersion = 10.0.40219.1
Project("{FAE04EC0-301F-11D3-BF4B-00C04F79EFBC}") = "ExFixEnum", "ExFixEnum\ExFixEnum.csproj", "{14071B70-B94A-4DA2-8805-273EBC037044}"
EndProject
Global
	GlobalSection(SolutionConfigurationPlatforms) = preSolution
		Debug|Any CPU = Debug|Any CPU
		Release|Any CPU = Release|Any CPU
	EndGlobalSection
	GlobalSection(ProjectConfigurationPlatforms) = postSolution
		{14071B70-B94A-4DA2-8805-273EBC037044}.Debug|Any CPU.ActiveCfg = Debug|Any CPU
		{14071B70-B94A-4DA2-8805-273EBC037044}.Debug|Any CPU.Build.0 = Debug|Any CPU
		{14071B70-B94A-4DA2-8805-273EBC037044}.Release|Any CPU.ActiveCfg = Release|Any CPU
		{14071B70-B94A-4DA2-8805-273EBC037044}.Release|Any CPU.Build.0 = Release|Any CPU
	EndGlobalSection
	GlobalSection(SolutionProperties) = preSolution
		HideSolutionNode = FALSE
	EndGlobalSection
	GlobalSection(ExtensibilityGlobals) = postSolution
		SolutionGuid = {9C2AD32A-34FA-496A-BC68-3FCD8764816D}
	EndGlobalSection
EndGlobal
