
Microsoft Visual Studio Solution File, Format Version 12.00
# Visual Studio Version 16
VisualStudioVersion = 16.0.30225.117
MinimumVisualStudioVersion = 10.0.40219.1
Project("{FAE04EC0-301F-11D3-BF4B-00C04F79EFBC}") = "construtores", "construtores\construtores.csproj", "{03102DBD-3EFE-4597-88BE-C92C0C51209E}"
EndProject
Global
	GlobalSection(SolutionConfigurationPlatforms) = preSolution
		Debug|Any CPU = Debug|Any CPU
		Release|Any CPU = Release|Any CPU
	EndGlobalSection
	GlobalSection(ProjectConfigurationPlatforms) = postSolution
		{03102DBD-3EFE-4597-88BE-C92C0C51209E}.Debug|Any CPU.ActiveCfg = Debug|Any CPU
		{03102DBD-3EFE-4597-88BE-C92C0C51209E}.Debug|Any CPU.Build.0 = Debug|Any CPU
		{03102DBD-3EFE-4597-88BE-C92C0C51209E}.Release|Any CPU.ActiveCfg = Release|Any CPU
		{03102DBD-3EFE-4597-88BE-C92C0C51209E}.Release|Any CPU.Build.0 = Release|Any CPU
	EndGlobalSection
	GlobalSection(SolutionProperties) = preSolution
		HideSolutionNode = FALSE
	EndGlobalSection
	GlobalSection(ExtensibilityGlobals) = postSolution
		SolutionGuid = {C1EDF75B-BDE3-4A30-9988-67887C100E6B}
	EndGlobalSection
EndGlobal
