
Microsoft Visual Studio Solution File, Format Version 12.00
# Visual Studio Version 16
VisualStudioVersion = 16.0.30225.117
MinimumVisualStudioVersion = 10.0.40219.1
Project("{FAE04EC0-301F-11D3-BF4B-00C04F79EFBC}") = "TimeS", "TimeS\TimeS.csproj", "{B5866F4E-06D6-4656-8063-44E4BA82143F}"
EndProject
Global
	GlobalSection(SolutionConfigurationPlatforms) = preSolution
		Debug|Any CPU = Debug|Any CPU
		Release|Any CPU = Release|Any CPU
	EndGlobalSection
	GlobalSection(ProjectConfigurationPlatforms) = postSolution
		{B5866F4E-06D6-4656-8063-44E4BA82143F}.Debug|Any CPU.ActiveCfg = Debug|Any CPU
		{B5866F4E-06D6-4656-8063-44E4BA82143F}.Debug|Any CPU.Build.0 = Debug|Any CPU
		{B5866F4E-06D6-4656-8063-44E4BA82143F}.Release|Any CPU.ActiveCfg = Release|Any CPU
		{B5866F4E-06D6-4656-8063-44E4BA82143F}.Release|Any CPU.Build.0 = Release|Any CPU
	EndGlobalSection
	GlobalSection(SolutionProperties) = preSolution
		HideSolutionNode = FALSE
	EndGlobalSection
	GlobalSection(ExtensibilityGlobals) = postSolution
		SolutionGuid = {529AA6F1-8CA0-4C95-93ED-880C44B1192B}
	EndGlobalSection
EndGlobal
