
Microsoft Visual Studio Solution File, Format Version 12.00
# Visual Studio Version 16
VisualStudioVersion = 16.0.30225.117
MinimumVisualStudioVersion = 10.0.40219.1
Project("{FAE04EC0-301F-11D3-BF4B-00C04F79EFBC}") = "ExercicioResolvido1Enumeracao", "ExercicioResolvido1Enumeracao\ExercicioResolvido1Enumeracao.csproj", "{960CAFDD-0DC8-4D2D-A6E7-752E23204147}"
EndProject
Global
	GlobalSection(SolutionConfigurationPlatforms) = preSolution
		Debug|Any CPU = Debug|Any CPU
		Release|Any CPU = Release|Any CPU
	EndGlobalSection
	GlobalSection(ProjectConfigurationPlatforms) = postSolution
		{960CAFDD-0DC8-4D2D-A6E7-752E23204147}.Debug|Any CPU.ActiveCfg = Debug|Any CPU
		{960CAFDD-0DC8-4D2D-A6E7-752E23204147}.Debug|Any CPU.Build.0 = Debug|Any CPU
		{960CAFDD-0DC8-4D2D-A6E7-752E23204147}.Release|Any CPU.ActiveCfg = Release|Any CPU
		{960CAFDD-0DC8-4D2D-A6E7-752E23204147}.Release|Any CPU.Build.0 = Release|Any CPU
	EndGlobalSection
	GlobalSection(SolutionProperties) = preSolution
		HideSolutionNode = FALSE
	EndGlobalSection
	GlobalSection(ExtensibilityGlobals) = postSolution
		SolutionGuid = {6C411EA1-2B55-4D3A-AF6B-921AC0516ECB}
	EndGlobalSection
EndGlobal
