
Microsoft Visual Studio Solution File, Format Version 12.00
# Visual Studio Version 16
VisualStudioVersion = 16.0.30225.117
MinimumVisualStudioVersion = 10.0.40219.1
Project("{FAE04EC0-301F-11D3-BF4B-00C04F79EFBC}") = "Course1", "Course1\Course1.csproj", "{4736C378-DB90-4D33-8E42-86C5F9E823BD}"
EndProject
Global
	GlobalSection(SolutionConfigurationPlatforms) = preSolution
		Debug|Any CPU = Debug|Any CPU
		Release|Any CPU = Release|Any CPU
	EndGlobalSection
	GlobalSection(ProjectConfigurationPlatforms) = postSolution
		{4736C378-DB90-4D33-8E42-86C5F9E823BD}.Debug|Any CPU.ActiveCfg = Debug|Any CPU
		{4736C378-DB90-4D33-8E42-86C5F9E823BD}.Debug|Any CPU.Build.0 = Debug|Any CPU
		{4736C378-DB90-4D33-8E42-86C5F9E823BD}.Release|Any CPU.ActiveCfg = Release|Any CPU
		{4736C378-DB90-4D33-8E42-86C5F9E823BD}.Release|Any CPU.Build.0 = Release|Any CPU
	EndGlobalSection
	GlobalSection(SolutionProperties) = preSolution
		HideSolutionNode = FALSE
	EndGlobalSection
	GlobalSection(ExtensibilityGlobals) = postSolution
		SolutionGuid = {B8FD6E49-422C-4FB7-981F-7EB6567594F5}
	EndGlobalSection
EndGlobal
