
Microsoft Visual Studio Solution File, Format Version 12.00
# Visual Studio Version 16
VisualStudioVersion = 16.0.30225.117
MinimumVisualStudioVersion = 10.0.40219.1
Project("{FAE04EC0-301F-11D3-BF4B-00C04F79EFBC}") = "ExEMethods", "ExEMethods\ExEMethods.csproj", "{3CD389FC-B09D-4E55-BDB3-9613115C07AE}"
EndProject
Global
	GlobalSection(SolutionConfigurationPlatforms) = preSolution
		Debug|Any CPU = Debug|Any CPU
		Release|Any CPU = Release|Any CPU
	EndGlobalSection
	GlobalSection(ProjectConfigurationPlatforms) = postSolution
		{3CD389FC-B09D-4E55-BDB3-9613115C07AE}.Debug|Any CPU.ActiveCfg = Debug|Any CPU
		{3CD389FC-B09D-4E55-BDB3-9613115C07AE}.Debug|Any CPU.Build.0 = Debug|Any CPU
		{3CD389FC-B09D-4E55-BDB3-9613115C07AE}.Release|Any CPU.ActiveCfg = Release|Any CPU
		{3CD389FC-B09D-4E55-BDB3-9613115C07AE}.Release|Any CPU.Build.0 = Release|Any CPU
	EndGlobalSection
	GlobalSection(SolutionProperties) = preSolution
		HideSolutionNode = FALSE
	EndGlobalSection
	GlobalSection(ExtensibilityGlobals) = postSolution
		SolutionGuid = {6F0A8F7A-A002-4404-A715-3CE5BC772890}
	EndGlobalSection
EndGlobal
