
Microsoft Visual Studio Solution File, Format Version 12.00
# Visual Studio Version 16
VisualStudioVersion = 16.0.30225.117
MinimumVisualStudioVersion = 10.0.40219.1
Project("{FAE04EC0-301F-11D3-BF4B-00C04F79EFBC}") = "aluno", "aluno\aluno.csproj", "{1F038DB7-0ABA-4643-832C-774738B57450}"
EndProject
Global
	GlobalSection(SolutionConfigurationPlatforms) = preSolution
		Debug|Any CPU = Debug|Any CPU
		Release|Any CPU = Release|Any CPU
	EndGlobalSection
	GlobalSection(ProjectConfigurationPlatforms) = postSolution
		{1F038DB7-0ABA-4643-832C-774738B57450}.Debug|Any CPU.ActiveCfg = Debug|Any CPU
		{1F038DB7-0ABA-4643-832C-774738B57450}.Debug|Any CPU.Build.0 = Debug|Any CPU
		{1F038DB7-0ABA-4643-832C-774738B57450}.Release|Any CPU.ActiveCfg = Release|Any CPU
		{1F038DB7-0ABA-4643-832C-774738B57450}.Release|Any CPU.Build.0 = Release|Any CPU
	EndGlobalSection
	GlobalSection(SolutionProperties) = preSolution
		HideSolutionNode = FALSE
	EndGlobalSection
	GlobalSection(ExtensibilityGlobals) = postSolution
		SolutionGuid = {F9BDF7C0-D705-481C-A8E3-B16E1F7E6317}
	EndGlobalSection
EndGlobal
