
Microsoft Visual Studio Solution File, Format Version 12.00
# Visual Studio Version 16
VisualStudioVersion = 16.0.30225.117
MinimumVisualStudioVersion = 10.0.40219.1
Project("{FAE04EC0-301F-11D3-BF4B-00C04F79EFBC}") = "exclasse1", "exclasse1\exclasse1.csproj", "{061BFACB-1A6C-44DF-A558-4F5543D27552}"
EndProject
Global
	GlobalSection(SolutionConfigurationPlatforms) = preSolution
		Debug|Any CPU = Debug|Any CPU
		Release|Any CPU = Release|Any CPU
	EndGlobalSection
	GlobalSection(ProjectConfigurationPlatforms) = postSolution
		{061BFACB-1A6C-44DF-A558-4F5543D27552}.Debug|Any CPU.ActiveCfg = Debug|Any CPU
		{061BFACB-1A6C-44DF-A558-4F5543D27552}.Debug|Any CPU.Build.0 = Debug|Any CPU
		{061BFACB-1A6C-44DF-A558-4F5543D27552}.Release|Any CPU.ActiveCfg = Release|Any CPU
		{061BFACB-1A6C-44DF-A558-4F5543D27552}.Release|Any CPU.Build.0 = Release|Any CPU
	EndGlobalSection
	GlobalSection(SolutionProperties) = preSolution
		HideSolutionNode = FALSE
	EndGlobalSection
	GlobalSection(ExtensibilityGlobals) = postSolution
		SolutionGuid = {7A47B3BC-3EC8-48B0-9003-56003ED90F86}
	EndGlobalSection
EndGlobal
