
Microsoft Visual Studio Solution File, Format Version 12.00
# Visual Studio Version 16
VisualStudioVersion = 16.0.30225.117
MinimumVisualStudioVersion = 10.0.40219.1
Project("{FAE04EC0-301F-11D3-BF4B-00C04F79EFBC}") = "faça", "faça\faça.csproj", "{D5DC3476-AA3F-4F0B-805C-3FDC06CEF087}"
EndProject
Global
	GlobalSection(SolutionConfigurationPlatforms) = preSolution
		Debug|Any CPU = Debug|Any CPU
		Release|Any CPU = Release|Any CPU
	EndGlobalSection
	GlobalSection(ProjectConfigurationPlatforms) = postSolution
		{D5DC3476-AA3F-4F0B-805C-3FDC06CEF087}.Debug|Any CPU.ActiveCfg = Debug|Any CPU
		{D5DC3476-AA3F-4F0B-805C-3FDC06CEF087}.Debug|Any CPU.Build.0 = Debug|Any CPU
		{D5DC3476-AA3F-4F0B-805C-3FDC06CEF087}.Release|Any CPU.ActiveCfg = Release|Any CPU
		{D5DC3476-AA3F-4F0B-805C-3FDC06CEF087}.Release|Any CPU.Build.0 = Release|Any CPU
	EndGlobalSection
	GlobalSection(SolutionProperties) = preSolution
		HideSolutionNode = FALSE
	EndGlobalSection
	GlobalSection(ExtensibilityGlobals) = postSolution
		SolutionGuid = {7763240E-84FC-4F1B-B828-05E6B3359A04}
	EndGlobalSection
EndGlobal
