
Microsoft Visual Studio Solution File, Format Version 12.00
# Visual Studio Version 16
VisualStudioVersion = 16.0.30225.117
MinimumVisualStudioVersion = 10.0.40219.1
Project("{FAE04EC0-301F-11D3-BF4B-00C04F79EFBC}") = "VetorRepeticao", "VetorRepeticao\VetorRepeticao.csproj", "{364B15E7-3EA0-4CB6-9A38-A3930AD802D9}"
EndProject
Global
	GlobalSection(SolutionConfigurationPlatforms) = preSolution
		Debug|Any CPU = Debug|Any CPU
		Release|Any CPU = Release|Any CPU
	EndGlobalSection
	GlobalSection(ProjectConfigurationPlatforms) = postSolution
		{364B15E7-3EA0-4CB6-9A38-A3930AD802D9}.Debug|Any CPU.ActiveCfg = Debug|Any CPU
		{364B15E7-3EA0-4CB6-9A38-A3930AD802D9}.Debug|Any CPU.Build.0 = Debug|Any CPU
		{364B15E7-3EA0-4CB6-9A38-A3930AD802D9}.Release|Any CPU.ActiveCfg = Release|Any CPU
		{364B15E7-3EA0-4CB6-9A38-A3930AD802D9}.Release|Any CPU.Build.0 = Release|Any CPU
	EndGlobalSection
	GlobalSection(SolutionProperties) = preSolution
		HideSolutionNode = FALSE
	EndGlobalSection
	GlobalSection(ExtensibilityGlobals) = postSolution
		SolutionGuid = {3727FC9C-0C0B-4BBC-BDA9-D134A2F5A0CE}
	EndGlobalSection
EndGlobal
