
Microsoft Visual Studio Solution File, Format Version 12.00
# Visual Studio Version 16
VisualStudioVersion = 16.0.30225.117
MinimumVisualStudioVersion = 10.0.40219.1
Project("{FAE04EC0-301F-11D3-BF4B-00C04F79EFBC}") = "DateTK", "DateTK\DateTK.csproj", "{949A3D4B-B136-43DA-9A73-A3128750286D}"
EndProject
Global
	GlobalSection(SolutionConfigurationPlatforms) = preSolution
		Debug|Any CPU = Debug|Any CPU
		Release|Any CPU = Release|Any CPU
	EndGlobalSection
	GlobalSection(ProjectConfigurationPlatforms) = postSolution
		{949A3D4B-B136-43DA-9A73-A3128750286D}.Debug|Any CPU.ActiveCfg = Debug|Any CPU
		{949A3D4B-B136-43DA-9A73-A3128750286D}.Debug|Any CPU.Build.0 = Debug|Any CPU
		{949A3D4B-B136-43DA-9A73-A3128750286D}.Release|Any CPU.ActiveCfg = Release|Any CPU
		{949A3D4B-B136-43DA-9A73-A3128750286D}.Release|Any CPU.Build.0 = Release|Any CPU
	EndGlobalSection
	GlobalSection(SolutionProperties) = preSolution
		HideSolutionNode = FALSE
	EndGlobalSection
	GlobalSection(ExtensibilityGlobals) = postSolution
		SolutionGuid = {B848D6FE-DE6F-4325-A8C7-13DB362D4CBB}
	EndGlobalSection
EndGlobal
