
Microsoft Visual Studio Solution File, Format Version 12.00
# Visual Studio Version 16
VisualStudioVersion = 16.0.30225.117
MinimumVisualStudioVersion = 10.0.40219.1
Project("{FAE04EC0-301F-11D3-BF4B-00C04F79EFBC}") = "DateTOperacoes", "DateTOperacoes\DateTOperacoes.csproj", "{D4999344-62D1-496A-B446-6316DB383404}"
EndProject
Global
	GlobalSection(SolutionConfigurationPlatforms) = preSolution
		Debug|Any CPU = Debug|Any CPU
		Release|Any CPU = Release|Any CPU
	EndGlobalSection
	GlobalSection(ProjectConfigurationPlatforms) = postSolution
		{D4999344-62D1-496A-B446-6316DB383404}.Debug|Any CPU.ActiveCfg = Debug|Any CPU
		{D4999344-62D1-496A-B446-6316DB383404}.Debug|Any CPU.Build.0 = Debug|Any CPU
		{D4999344-62D1-496A-B446-6316DB383404}.Release|Any CPU.ActiveCfg = Release|Any CPU
		{D4999344-62D1-496A-B446-6316DB383404}.Release|Any CPU.Build.0 = Release|Any CPU
	EndGlobalSection
	GlobalSection(SolutionProperties) = preSolution
		HideSolutionNode = FALSE
	EndGlobalSection
	GlobalSection(ExtensibilityGlobals) = postSolution
		SolutionGuid = {90B690FB-8A41-4373-9A80-6B34F7DAD464}
	EndGlobalSection
EndGlobal
