
Microsoft Visual Studio Solution File, Format Version 12.00
# Visual Studio Version 16
VisualStudioVersion = 16.0.30413.136
MinimumVisualStudioVersion = 10.0.40219.1
Project("{FAE04EC0-301F-11D3-BF4B-00C04F79EFBC}") = "usoDoSplit", "usoDoSplit\usoDoSplit.csproj", "{D0B122D3-54DD-4E5C-AC81-75BA993910F9}"
EndProject
Global
	GlobalSection(SolutionConfigurationPlatforms) = preSolution
		Debug|Any CPU = Debug|Any CPU
		Release|Any CPU = Release|Any CPU
	EndGlobalSection
	GlobalSection(ProjectConfigurationPlatforms) = postSolution
		{D0B122D3-54DD-4E5C-AC81-75BA993910F9}.Debug|Any CPU.ActiveCfg = Debug|Any CPU
		{D0B122D3-54DD-4E5C-AC81-75BA993910F9}.Debug|Any CPU.Build.0 = Debug|Any CPU
		{D0B122D3-54DD-4E5C-AC81-75BA993910F9}.Release|Any CPU.ActiveCfg = Release|Any CPU
		{D0B122D3-54DD-4E5C-AC81-75BA993910F9}.Release|Any CPU.Build.0 = Release|Any CPU
	EndGlobalSection
	GlobalSection(SolutionProperties) = preSolution
		HideSolutionNode = FALSE
	EndGlobalSection
	GlobalSection(ExtensibilityGlobals) = postSolution
		SolutionGuid = {5677428A-F020-4590-ADFE-88DA89A07D9B}
	EndGlobalSection
EndGlobal
