
Microsoft Visual Studio Solution File, Format Version 12.00
# Visual Studio Version 16
VisualStudioVersion = 16.0.31025.194
MinimumVisualStudioVersion = 10.0.40219.1
Project("{FAE04EC0-301F-11D3-BF4B-00C04F79EFBC}") = "atividadeVetor", "atividadeVetor\atividadeVetor.csproj", "{9EA78557-8D43-443E-B162-984442889BB1}"
EndProject
Global
	GlobalSection(SolutionConfigurationPlatforms) = preSolution
		Debug|Any CPU = Debug|Any CPU
		Release|Any CPU = Release|Any CPU
	EndGlobalSection
	GlobalSection(ProjectConfigurationPlatforms) = postSolution
		{9EA78557-8D43-443E-B162-984442889BB1}.Debug|Any CPU.ActiveCfg = Debug|Any CPU
		{9EA78557-8D43-443E-B162-984442889BB1}.Debug|Any CPU.Build.0 = Debug|Any CPU
		{9EA78557-8D43-443E-B162-984442889BB1}.Release|Any CPU.ActiveCfg = Release|Any CPU
		{9EA78557-8D43-443E-B162-984442889BB1}.Release|Any CPU.Build.0 = Release|Any CPU
	EndGlobalSection
	GlobalSection(SolutionProperties) = preSolution
		HideSolutionNode = FALSE
	EndGlobalSection
	GlobalSection(ExtensibilityGlobals) = postSolution
		SolutionGuid = {77709285-5C2F-441C-BF6E-9D7DBD400A85}
	EndGlobalSection
EndGlobal
