
Microsoft Visual Studio Solution File, Format Version 12.00
# Visual Studio Version 16
VisualStudioVersion = 16.0.30225.117
MinimumVisualStudioVersion = 10.0.40219.1
Project("{FAE04EC0-301F-11D3-BF4B-00C04F79EFBC}") = "TimeSOperacoes", "TimeSOperacoes\TimeSOperacoes.csproj", "{B988E555-4DB6-4E0E-8E67-D912C64C5B38}"
EndProject
Global
	GlobalSection(SolutionConfigurationPlatforms) = preSolution
		Debug|Any CPU = Debug|Any CPU
		Release|Any CPU = Release|Any CPU
	EndGlobalSection
	GlobalSection(ProjectConfigurationPlatforms) = postSolution
		{B988E555-4DB6-4E0E-8E67-D912C64C5B38}.Debug|Any CPU.ActiveCfg = Debug|Any CPU
		{B988E555-4DB6-4E0E-8E67-D912C64C5B38}.Debug|Any CPU.Build.0 = Debug|Any CPU
		{B988E555-4DB6-4E0E-8E67-D912C64C5B38}.Release|Any CPU.ActiveCfg = Release|Any CPU
		{B988E555-4DB6-4E0E-8E67-D912C64C5B38}.Release|Any CPU.Build.0 = Release|Any CPU
	EndGlobalSection
	GlobalSection(SolutionProperties) = preSolution
		HideSolutionNode = FALSE
	EndGlobalSection
	GlobalSection(ExtensibilityGlobals) = postSolution
		SolutionGuid = {3C3AE720-ABBE-4CB2-BDB2-319B721EA5D4}
	EndGlobalSection
EndGlobal
