
Microsoft Visual Studio Solution File, Format Version 12.00
# Visual Studio Version 16
VisualStudioVersion = 16.0.30225.117
MinimumVisualStudioVersion = 10.0.40219.1
Project("{FAE04EC0-301F-11D3-BF4B-00C04F79EFBC}") = "MembrosPt2", "MembrosPt2\MembrosPt2.csproj", "{D7BB7FFC-0925-406A-ACB9-80C64149937E}"
EndProject
Global
	GlobalSection(SolutionConfigurationPlatforms) = preSolution
		Debug|Any CPU = Debug|Any CPU
		Release|Any CPU = Release|Any CPU
	EndGlobalSection
	GlobalSection(ProjectConfigurationPlatforms) = postSolution
		{D7BB7FFC-0925-406A-ACB9-80C64149937E}.Debug|Any CPU.ActiveCfg = Debug|Any CPU
		{D7BB7FFC-0925-406A-ACB9-80C64149937E}.Debug|Any CPU.Build.0 = Debug|Any CPU
		{D7BB7FFC-0925-406A-ACB9-80C64149937E}.Release|Any CPU.ActiveCfg = Release|Any CPU
		{D7BB7FFC-0925-406A-ACB9-80C64149937E}.Release|Any CPU.Build.0 = Release|Any CPU
	EndGlobalSection
	GlobalSection(SolutionProperties) = preSolution
		HideSolutionNode = FALSE
	EndGlobalSection
	GlobalSection(ExtensibilityGlobals) = postSolution
		SolutionGuid = {C3DB5BFD-60A3-4BA1-ABE5-850BE1A80457}
	EndGlobalSection
EndGlobal
