
Microsoft Visual Studio Solution File, Format Version 12.00
# Visual Studio Version 16
VisualStudioVersion = 16.0.30225.117
MinimumVisualStudioVersion = 10.0.40219.1
Project("{FAE04EC0-301F-11D3-BF4B-00C04F79EFBC}") = "RFI", "RFI\RFI.csproj", "{FBD74F14-2BF0-42F1-A670-A757EA53DBEE}"
EndProject
Global
	GlobalSection(SolutionConfigurationPlatforms) = preSolution
		Debug|Any CPU = Debug|Any CPU
		Release|Any CPU = Release|Any CPU
	EndGlobalSection
	GlobalSection(ProjectConfigurationPlatforms) = postSolution
		{FBD74F14-2BF0-42F1-A670-A757EA53DBEE}.Debug|Any CPU.ActiveCfg = Debug|Any CPU
		{FBD74F14-2BF0-42F1-A670-A757EA53DBEE}.Debug|Any CPU.Build.0 = Debug|Any CPU
		{FBD74F14-2BF0-42F1-A670-A757EA53DBEE}.Release|Any CPU.ActiveCfg = Release|Any CPU
		{FBD74F14-2BF0-42F1-A670-A757EA53DBEE}.Release|Any CPU.Build.0 = Release|Any CPU
	EndGlobalSection
	GlobalSection(SolutionProperties) = preSolution
		HideSolutionNode = FALSE
	EndGlobalSection
	GlobalSection(ExtensibilityGlobals) = postSolution
		SolutionGuid = {E46AA0F8-0A3F-4896-B10E-CB2E09C226D2}
	EndGlobalSection
EndGlobal
