
Microsoft Visual Studio Solution File, Format Version 12.00
# Visual Studio Version 16
VisualStudioVersion = 16.0.30225.117
MinimumVisualStudioVersion = 10.0.40219.1
Project("{FAE04EC0-301F-11D3-BF4B-00C04F79EFBC}") = "refazerproduto", "refazerproduto\refazerproduto.csproj", "{A04F5E1C-9A0A-4239-8693-B78A692C15DD}"
EndProject
Global
	GlobalSection(SolutionConfigurationPlatforms) = preSolution
		Debug|Any CPU = Debug|Any CPU
		Release|Any CPU = Release|Any CPU
	EndGlobalSection
	GlobalSection(ProjectConfigurationPlatforms) = postSolution
		{A04F5E1C-9A0A-4239-8693-B78A692C15DD}.Debug|Any CPU.ActiveCfg = Debug|Any CPU
		{A04F5E1C-9A0A-4239-8693-B78A692C15DD}.Debug|Any CPU.Build.0 = Debug|Any CPU
		{A04F5E1C-9A0A-4239-8693-B78A692C15DD}.Release|Any CPU.ActiveCfg = Release|Any CPU
		{A04F5E1C-9A0A-4239-8693-B78A692C15DD}.Release|Any CPU.Build.0 = Release|Any CPU
	EndGlobalSection
	GlobalSection(SolutionProperties) = preSolution
		HideSolutionNode = FALSE
	EndGlobalSection
	GlobalSection(ExtensibilityGlobals) = postSolution
		SolutionGuid = {D41826B1-9702-4D35-99BB-5FCC4CF29748}
	EndGlobalSection
EndGlobal
