
Microsoft Visual Studio Solution File, Format Version 12.00
# Visual Studio Version 16
VisualStudioVersion = 16.0.30225.117
MinimumVisualStudioVersion = 10.0.40219.1
Project("{FAE04EC0-301F-11D3-BF4B-00C04F79EFBC}") = "ExHerIntMultipla", "ExHerIntMultipla\ExHerIntMultipla.csproj", "{FCA19C0D-340E-41C3-89E8-5B1C808CC507}"
EndProject
Global
	GlobalSection(SolutionConfigurationPlatforms) = preSolution
		Debug|Any CPU = Debug|Any CPU
		Release|Any CPU = Release|Any CPU
	EndGlobalSection
	GlobalSection(ProjectConfigurationPlatforms) = postSolution
		{FCA19C0D-340E-41C3-89E8-5B1C808CC507}.Debug|Any CPU.ActiveCfg = Debug|Any CPU
		{FCA19C0D-340E-41C3-89E8-5B1C808CC507}.Debug|Any CPU.Build.0 = Debug|Any CPU
		{FCA19C0D-340E-41C3-89E8-5B1C808CC507}.Release|Any CPU.ActiveCfg = Release|Any CPU
		{FCA19C0D-340E-41C3-89E8-5B1C808CC507}.Release|Any CPU.Build.0 = Release|Any CPU
	EndGlobalSection
	GlobalSection(SolutionProperties) = preSolution
		HideSolutionNode = FALSE
	EndGlobalSection
	GlobalSection(ExtensibilityGlobals) = postSolution
		SolutionGuid = {7D4A9727-D55D-4587-9437-E5F877BEF995}
	EndGlobalSection
EndGlobal
