
Microsoft Visual Studio Solution File, Format Version 12.00
# Visual Studio Version 16
VisualStudioVersion = 16.0.30225.117
MinimumVisualStudioVersion = 10.0.40219.1
Project("{FAE04EC0-301F-11D3-BF4B-00C04F79EFBC}") = "ProjetoWeb", "ProjetoWeb\ProjetoWeb.csproj", "{3D8B2509-3436-424A-B3BB-365B0F198EA1}"
EndProject
Global
	GlobalSection(SolutionConfigurationPlatforms) = preSolution
		Debug|Any CPU = Debug|Any CPU
		Release|Any CPU = Release|Any CPU
	EndGlobalSection
	GlobalSection(ProjectConfigurationPlatforms) = postSolution
		{3D8B2509-3436-424A-B3BB-365B0F198EA1}.Debug|Any CPU.ActiveCfg = Debug|Any CPU
		{3D8B2509-3436-424A-B3BB-365B0F198EA1}.Debug|Any CPU.Build.0 = Debug|Any CPU
		{3D8B2509-3436-424A-B3BB-365B0F198EA1}.Release|Any CPU.ActiveCfg = Release|Any CPU
		{3D8B2509-3436-424A-B3BB-365B0F198EA1}.Release|Any CPU.Build.0 = Release|Any CPU
	EndGlobalSection
	GlobalSection(SolutionProperties) = preSolution
		HideSolutionNode = FALSE
	EndGlobalSection
	GlobalSection(ExtensibilityGlobals) = postSolution
		SolutionGuid = {F41B8D49-B134-4227-9589-40709FAA44A1}
	EndGlobalSection
EndGlobal
