
Microsoft Visual Studio Solution File, Format Version 12.00
# Visual Studio Version 16
VisualStudioVersion = 16.0.30225.117
MinimumVisualStudioVersion = 10.0.40219.1
Project("{FAE04EC0-301F-11D3-BF4B-00C04F79EFBC}") = "ex2classe", "ex2classe\ex2classe.csproj", "{04EE42A3-F119-4D59-B973-060E2770E79C}"
EndProject
Global
	GlobalSection(SolutionConfigurationPlatforms) = preSolution
		Debug|Any CPU = Debug|Any CPU
		Release|Any CPU = Release|Any CPU
	EndGlobalSection
	GlobalSection(ProjectConfigurationPlatforms) = postSolution
		{04EE42A3-F119-4D59-B973-060E2770E79C}.Debug|Any CPU.ActiveCfg = Debug|Any CPU
		{04EE42A3-F119-4D59-B973-060E2770E79C}.Debug|Any CPU.Build.0 = Debug|Any CPU
		{04EE42A3-F119-4D59-B973-060E2770E79C}.Release|Any CPU.ActiveCfg = Release|Any CPU
		{04EE42A3-F119-4D59-B973-060E2770E79C}.Release|Any CPU.Build.0 = Release|Any CPU
	EndGlobalSection
	GlobalSection(SolutionProperties) = preSolution
		HideSolutionNode = FALSE
	EndGlobalSection
	GlobalSection(ExtensibilityGlobals) = postSolution
		SolutionGuid = {CB31BB9F-4973-482C-9840-D9A4593680F4}
	EndGlobalSection
EndGlobal
