
Microsoft Visual Studio Solution File, Format Version 12.00
# Visual Studio Version 16
VisualStudioVersion = 16.0.30225.117
MinimumVisualStudioVersion = 10.0.40219.1
Project("{FAE04EC0-301F-11D3-BF4B-00C04F79EFBC}") = "Exerciproprietes", "Exerciproprietes\Exerciproprietes.csproj", "{7973389D-CA1D-4BBF-BE1F-47666D96AEC5}"
EndProject
Global
	GlobalSection(SolutionConfigurationPlatforms) = preSolution
		Debug|Any CPU = Debug|Any CPU
		Release|Any CPU = Release|Any CPU
	EndGlobalSection
	GlobalSection(ProjectConfigurationPlatforms) = postSolution
		{7973389D-CA1D-4BBF-BE1F-47666D96AEC5}.Debug|Any CPU.ActiveCfg = Debug|Any CPU
		{7973389D-CA1D-4BBF-BE1F-47666D96AEC5}.Debug|Any CPU.Build.0 = Debug|Any CPU
		{7973389D-CA1D-4BBF-BE1F-47666D96AEC5}.Release|Any CPU.ActiveCfg = Release|Any CPU
		{7973389D-CA1D-4BBF-BE1F-47666D96AEC5}.Release|Any CPU.Build.0 = Release|Any CPU
	EndGlobalSection
	GlobalSection(SolutionProperties) = preSolution
		HideSolutionNode = FALSE
	EndGlobalSection
	GlobalSection(ExtensibilityGlobals) = postSolution
		SolutionGuid = {8DD45621-BCF4-46CC-BBDD-9431C8C194AF}
	EndGlobalSection
EndGlobal
