
Microsoft Visual Studio Solution File, Format Version 12.00
# Visual Studio Version 16
VisualStudioVersion = 16.0.30225.117
MinimumVisualStudioVersion = 10.0.40219.1
Project("{FAE04EC0-301F-11D3-BF4B-00C04F79EFBC}") = "gese", "gese\gese.csproj", "{DC7FBE62-0B9C-45B3-8870-10498335A2E9}"
EndProject
Global
	GlobalSection(SolutionConfigurationPlatforms) = preSolution
		Debug|Any CPU = Debug|Any CPU
		Release|Any CPU = Release|Any CPU
	EndGlobalSection
	GlobalSection(ProjectConfigurationPlatforms) = postSolution
		{DC7FBE62-0B9C-45B3-8870-10498335A2E9}.Debug|Any CPU.ActiveCfg = Debug|Any CPU
		{DC7FBE62-0B9C-45B3-8870-10498335A2E9}.Debug|Any CPU.Build.0 = Debug|Any CPU
		{DC7FBE62-0B9C-45B3-8870-10498335A2E9}.Release|Any CPU.ActiveCfg = Release|Any CPU
		{DC7FBE62-0B9C-45B3-8870-10498335A2E9}.Release|Any CPU.Build.0 = Release|Any CPU
	EndGlobalSection
	GlobalSection(SolutionProperties) = preSolution
		HideSolutionNode = FALSE
	EndGlobalSection
	GlobalSection(ExtensibilityGlobals) = postSolution
		SolutionGuid = {9C05A14E-C4AA-468F-95AB-3BB7A07A89E2}
	EndGlobalSection
EndGlobal
