
Microsoft Visual Studio Solution File, Format Version 12.00
# Visual Studio Version 16
VisualStudioVersion = 16.0.30225.117
MinimumVisualStudioVersion = 10.0.40219.1
Project("{FAE04EC0-301F-11D3-BF4B-00C04F79EFBC}") = "Recap2", "Recap2\Recap2.csproj", "{A56EFC94-95FC-43A9-A72B-1DDEF10955FC}"
EndProject
Global
	GlobalSection(SolutionConfigurationPlatforms) = preSolution
		Debug|Any CPU = Debug|Any CPU
		Release|Any CPU = Release|Any CPU
	EndGlobalSection
	GlobalSection(ProjectConfigurationPlatforms) = postSolution
		{A56EFC94-95FC-43A9-A72B-1DDEF10955FC}.Debug|Any CPU.ActiveCfg = Debug|Any CPU
		{A56EFC94-95FC-43A9-A72B-1DDEF10955FC}.Debug|Any CPU.Build.0 = Debug|Any CPU
		{A56EFC94-95FC-43A9-A72B-1DDEF10955FC}.Release|Any CPU.ActiveCfg = Release|Any CPU
		{A56EFC94-95FC-43A9-A72B-1DDEF10955FC}.Release|Any CPU.Build.0 = Release|Any CPU
	EndGlobalSection
	GlobalSection(SolutionProperties) = preSolution
		HideSolutionNode = FALSE
	EndGlobalSection
	GlobalSection(ExtensibilityGlobals) = postSolution
		SolutionGuid = {AEF1424C-ADE4-4AFD-9893-6895C7DDCE85}
	EndGlobalSection
EndGlobal
