
Microsoft Visual Studio Solution File, Format Version 12.00
# Visual Studio Version 16
VisualStudioVersion = 16.0.30225.117
MinimumVisualStudioVersion = 10.0.40219.1
Project("{FAE04EC0-301F-11D3-BF4B-00C04F79EFBC}") = "ExHIgualdade2", "ExHIgualdade2\ExHIgualdade2.csproj", "{FE8C54F5-03B0-453A-A6DB-DFD86971C97B}"
EndProject
Global
	GlobalSection(SolutionConfigurationPlatforms) = preSolution
		Debug|Any CPU = Debug|Any CPU
		Release|Any CPU = Release|Any CPU
	EndGlobalSection
	GlobalSection(ProjectConfigurationPlatforms) = postSolution
		{FE8C54F5-03B0-453A-A6DB-DFD86971C97B}.Debug|Any CPU.ActiveCfg = Debug|Any CPU
		{FE8C54F5-03B0-453A-A6DB-DFD86971C97B}.Debug|Any CPU.Build.0 = Debug|Any CPU
		{FE8C54F5-03B0-453A-A6DB-DFD86971C97B}.Release|Any CPU.ActiveCfg = Release|Any CPU
		{FE8C54F5-03B0-453A-A6DB-DFD86971C97B}.Release|Any CPU.Build.0 = Release|Any CPU
	EndGlobalSection
	GlobalSection(SolutionProperties) = preSolution
		HideSolutionNode = FALSE
	EndGlobalSection
	GlobalSection(ExtensibilityGlobals) = postSolution
		SolutionGuid = {1CB12313-45CA-4C44-BEDC-FFF35741DC5D}
	EndGlobalSection
EndGlobal
