
Microsoft Visual Studio Solution File, Format Version 12.00
# Visual Studio Version 16
VisualStudioVersion = 16.0.30225.117
MinimumVisualStudioVersion = 10.0.40219.1
Project("{FAE04EC0-301F-11D3-BF4B-00C04F79EFBC}") = "RefazerCondicaoT", "RefazerCondicaoT\RefazerCondicaoT.csproj", "{39A4C284-48BC-4479-B636-5357ED80C697}"
EndProject
Global
	GlobalSection(SolutionConfigurationPlatforms) = preSolution
		Debug|Any CPU = Debug|Any CPU
		Release|Any CPU = Release|Any CPU
	EndGlobalSection
	GlobalSection(ProjectConfigurationPlatforms) = postSolution
		{39A4C284-48BC-4479-B636-5357ED80C697}.Debug|Any CPU.ActiveCfg = Debug|Any CPU
		{39A4C284-48BC-4479-B636-5357ED80C697}.Debug|Any CPU.Build.0 = Debug|Any CPU
		{39A4C284-48BC-4479-B636-5357ED80C697}.Release|Any CPU.ActiveCfg = Release|Any CPU
		{39A4C284-48BC-4479-B636-5357ED80C697}.Release|Any CPU.Build.0 = Release|Any CPU
	EndGlobalSection
	GlobalSection(SolutionProperties) = preSolution
		HideSolutionNode = FALSE
	EndGlobalSection
	GlobalSection(ExtensibilityGlobals) = postSolution
		SolutionGuid = {5059725A-175B-4CAD-AE94-B1CF59E18186}
	EndGlobalSection
EndGlobal
