
Microsoft Visual Studio Solution File, Format Version 12.00
# Visual Studio Version 16
VisualStudioVersion = 16.0.30225.117
MinimumVisualStudioVersion = 10.0.40219.1
Project("{FAE04EC0-301F-11D3-BF4B-00C04F79EFBC}") = "ExCap17", "ExCap17\ExCap17.csproj", "{3C4B2283-0947-407A-AAD0-F704DE47589D}"
EndProject
Global
	GlobalSection(SolutionConfigurationPlatforms) = preSolution
		Debug|Any CPU = Debug|Any CPU
		Release|Any CPU = Release|Any CPU
	EndGlobalSection
	GlobalSection(ProjectConfigurationPlatforms) = postSolution
		{3C4B2283-0947-407A-AAD0-F704DE47589D}.Debug|Any CPU.ActiveCfg = Debug|Any CPU
		{3C4B2283-0947-407A-AAD0-F704DE47589D}.Debug|Any CPU.Build.0 = Debug|Any CPU
		{3C4B2283-0947-407A-AAD0-F704DE47589D}.Release|Any CPU.ActiveCfg = Release|Any CPU
		{3C4B2283-0947-407A-AAD0-F704DE47589D}.Release|Any CPU.Build.0 = Release|Any CPU
	EndGlobalSection
	GlobalSection(SolutionProperties) = preSolution
		HideSolutionNode = FALSE
	EndGlobalSection
	GlobalSection(ExtensibilityGlobals) = postSolution
		SolutionGuid = {909D5101-94E0-49FA-9C05-39293827F03D}
	EndGlobalSection
EndGlobal
