
Microsoft Visual Studio Solution File, Format Version 12.00
# Visual Studio Version 16
VisualStudioVersion = 16.0.30225.117
MinimumVisualStudioVersion = 10.0.40219.1
Project("{FAE04EC0-301F-11D3-BF4B-00C04F79EFBC}") = "DateTT", "DateTT\DateTT.csproj", "{DEBB9659-9D98-434F-AC90-89E5DCD3B93A}"
EndProject
Global
	GlobalSection(SolutionConfigurationPlatforms) = preSolution
		Debug|Any CPU = Debug|Any CPU
		Release|Any CPU = Release|Any CPU
	EndGlobalSection
	GlobalSection(ProjectConfigurationPlatforms) = postSolution
		{DEBB9659-9D98-434F-AC90-89E5DCD3B93A}.Debug|Any CPU.ActiveCfg = Debug|Any CPU
		{DEBB9659-9D98-434F-AC90-89E5DCD3B93A}.Debug|Any CPU.Build.0 = Debug|Any CPU
		{DEBB9659-9D98-434F-AC90-89E5DCD3B93A}.Release|Any CPU.ActiveCfg = Release|Any CPU
		{DEBB9659-9D98-434F-AC90-89E5DCD3B93A}.Release|Any CPU.Build.0 = Release|Any CPU
	EndGlobalSection
	GlobalSection(SolutionProperties) = preSolution
		HideSolutionNode = FALSE
	EndGlobalSection
	GlobalSection(ExtensibilityGlobals) = postSolution
		SolutionGuid = {8DBFD0BE-616B-4C92-85F2-D3C379B4AF3F}
	EndGlobalSection
EndGlobal
