
Microsoft Visual Studio Solution File, Format Version 12.00
# Visual Studio Version 16
VisualStudioVersion = 16.0.30225.117
MinimumVisualStudioVersion = 10.0.40219.1
Project("{FAE04EC0-301F-11D3-BF4B-00C04F79EFBC}") = "ExercicioFixacaoLista", "ExercicioFixacaoLista\ExercicioFixacaoLista.csproj", "{BD98DD89-F4F2-40BE-B3F9-F16EEE334223}"
EndProject
Global
	GlobalSection(SolutionConfigurationPlatforms) = preSolution
		Debug|Any CPU = Debug|Any CPU
		Release|Any CPU = Release|Any CPU
	EndGlobalSection
	GlobalSection(ProjectConfigurationPlatforms) = postSolution
		{BD98DD89-F4F2-40BE-B3F9-F16EEE334223}.Debug|Any CPU.ActiveCfg = Debug|Any CPU
		{BD98DD89-F4F2-40BE-B3F9-F16EEE334223}.Debug|Any CPU.Build.0 = Debug|Any CPU
		{BD98DD89-F4F2-40BE-B3F9-F16EEE334223}.Release|Any CPU.ActiveCfg = Release|Any CPU
		{BD98DD89-F4F2-40BE-B3F9-F16EEE334223}.Release|Any CPU.Build.0 = Release|Any CPU
	EndGlobalSection
	GlobalSection(SolutionProperties) = preSolution
		HideSolutionNode = FALSE
	EndGlobalSection
	GlobalSection(ExtensibilityGlobals) = postSolution
		SolutionGuid = {E55498DA-93FD-4A0B-8A0F-415F40CB7BE4}
	EndGlobalSection
EndGlobal
