
Microsoft Visual Studio Solution File, Format Version 12.00
# Visual Studio Version 16
VisualStudioVersion = 16.0.30225.117
MinimumVisualStudioVersion = 10.0.40219.1
Project("{FAE04EC0-301F-11D3-BF4B-00C04F79EFBC}") = "ExFixClassAbstrata", "ExFixClassAbstrata\ExFixClassAbstrata.csproj", "{404B514F-DD84-4489-ADE5-8AD45146200B}"
EndProject
Global
	GlobalSection(SolutionConfigurationPlatforms) = preSolution
		Debug|Any CPU = Debug|Any CPU
		Release|Any CPU = Release|Any CPU
	EndGlobalSection
	GlobalSection(ProjectConfigurationPlatforms) = postSolution
		{404B514F-DD84-4489-ADE5-8AD45146200B}.Debug|Any CPU.ActiveCfg = Debug|Any CPU
		{404B514F-DD84-4489-ADE5-8AD45146200B}.Debug|Any CPU.Build.0 = Debug|Any CPU
		{404B514F-DD84-4489-ADE5-8AD45146200B}.Release|Any CPU.ActiveCfg = Release|Any CPU
		{404B514F-DD84-4489-ADE5-8AD45146200B}.Release|Any CPU.Build.0 = Release|Any CPU
	EndGlobalSection
	GlobalSection(SolutionProperties) = preSolution
		HideSolutionNode = FALSE
	EndGlobalSection
	GlobalSection(ExtensibilityGlobals) = postSolution
		SolutionGuid = {B35C6046-13FC-4E24-96C5-AB034D1DBCF6}
	EndGlobalSection
EndGlobal
