
Microsoft Visual Studio Solution File, Format Version 12.00
# Visual Studio Version 16
VisualStudioVersion = 16.0.30413.136
MinimumVisualStudioVersion = 10.0.40219.1
Project("{FAE04EC0-301F-11D3-BF4B-00C04F79EFBC}") = "estruturaWhile", "while\estruturaWhile.csproj", "{6ED5B6E9-8CA0-414C-BD0D-C7EB147FD7EB}"
EndProject
Global
	GlobalSection(SolutionConfigurationPlatforms) = preSolution
		Debug|Any CPU = Debug|Any CPU
		Release|Any CPU = Release|Any CPU
	EndGlobalSection
	GlobalSection(ProjectConfigurationPlatforms) = postSolution
		{6ED5B6E9-8CA0-414C-BD0D-C7EB147FD7EB}.Debug|Any CPU.ActiveCfg = Debug|Any CPU
		{6ED5B6E9-8CA0-414C-BD0D-C7EB147FD7EB}.Debug|Any CPU.Build.0 = Debug|Any CPU
		{6ED5B6E9-8CA0-414C-BD0D-C7EB147FD7EB}.Release|Any CPU.ActiveCfg = Release|Any CPU
		{6ED5B6E9-8CA0-414C-BD0D-C7EB147FD7EB}.Release|Any CPU.Build.0 = Release|Any CPU
	EndGlobalSection
	GlobalSection(SolutionProperties) = preSolution
		HideSolutionNode = FALSE
	EndGlobalSection
	GlobalSection(ExtensibilityGlobals) = postSolution
		SolutionGuid = {2F29885F-1DD5-4AA1-AC98-1A6F88549BF4}
	EndGlobalSection
EndGlobal
